
Microsoft Visual Studio Solution File, Format Version 12.00
# Visual Studio Version 17
VisualStudioVersion = 17.4.33110.190
MinimumVisualStudioVersion = 10.0.40219.1
Project("{8BC9CEB8-8B4A-11D0-8D11-00A0C91BC942}") = "Projet POO", "Projet POO.vcxproj", "{FB4ACB71-9AA7-4647-B29B-0AB74C263AAD}"
EndProject
Project("{8BC9CEB8-8B4A-11D0-8D11-00A0C91BC942}") = "UnitTestPOO", "UnitTestPOO\UnitTestPOO.vcxproj", "{F5B8DFB1-DC12-40AD-94D6-E831DFB7A502}"
EndProject
Global
	GlobalSection(SolutionConfigurationPlatforms) = preSolution
		Debug|x64 = Debug|x64
		Debug|x86 = Debug|x86
		Release|x64 = Release|x64
		Release|x86 = Release|x86
	EndGlobalSection
	GlobalSection(ProjectConfigurationPlatforms) = postSolution
		{FB4ACB71-9AA7-4647-B29B-0AB74C263AAD}.Debug|x64.ActiveCfg = Debug|x64
		{FB4ACB71-9AA7-4647-B29B-0AB74C263AAD}.Debug|x64.Build.0 = Debug|x64
		{FB4ACB71-9AA7-4647-B29B-0AB74C263AAD}.Debug|x86.ActiveCfg = Debug|Win32
		{FB4ACB71-9AA7-4647-B29B-0AB74C263AAD}.Debug|x86.Build.0 = Debug|Win32
		{FB4ACB71-9AA7-4647-B29B-0AB74C263AAD}.Release|x64.ActiveCfg = Release|x64
		{FB4ACB71-9AA7-4647-B29B-0AB74C263AAD}.Release|x64.Build.0 = Release|x64
		{FB4ACB71-9AA7-4647-B29B-0AB74C263AAD}.Release|x86.ActiveCfg = Release|Win32
		{FB4ACB71-9AA7-4647-B29B-0AB74C263AAD}.Release|x86.Build.0 = Release|Win32
		{F5B8DFB1-DC12-40AD-94D6-E831DFB7A502}.Debug|x64.ActiveCfg = Debug|x64
		{F5B8DFB1-DC12-40AD-94D6-E831DFB7A502}.Debug|x64.Build.0 = Debug|x64
		{F5B8DFB1-DC12-40AD-94D6-E831DFB7A502}.Debug|x86.ActiveCfg = Debug|Win32
		{F5B8DFB1-DC12-40AD-94D6-E831DFB7A502}.Debug|x86.Build.0 = Debug|Win32
		{F5B8DFB1-DC12-40AD-94D6-E831DFB7A502}.Release|x64.ActiveCfg = Release|x64
		{F5B8DFB1-DC12-40AD-94D6-E831DFB7A502}.Release|x64.Build.0 = Release|x64
		{F5B8DFB1-DC12-40AD-94D6-E831DFB7A502}.Release|x86.ActiveCfg = Release|Win32
		{F5B8DFB1-DC12-40AD-94D6-E831DFB7A502}.Release|x86.Build.0 = Release|Win32
	EndGlobalSection
	GlobalSection(SolutionProperties) = preSolution
		HideSolutionNode = FALSE
	EndGlobalSection
	GlobalSection(ExtensibilityGlobals) = postSolution
		SolutionGuid = {D22D9322-7214-48D7-8E12-E2D809DFDE0E}
	EndGlobalSection
EndGlobal
